github.com/xxl6097/argusd v1.2.0 h1:W19f3Q2xS5NEL34CzK5k/dPR/yGaLQCYw+jvmFKMfoY=
github.com/xxl6097/argusd v1.2.0/go.mod h1:p1WTbVyLVm7OryR/78gfHOF6EcPdoXB3uGj8EkWjtA0=
golang.org/x/crypto v0.51.0 h1:IBPXwPfKxY7cWQZ38ZCIRPI50YLeevDLlLnyC5wRGTI=
golang.org/x/crypto v0.51.0/go.mod h1:8AdwkbraGNABw2kOX6YFPs3WM22XqI4EXEd8g+x7Oc8=
